
Microsoft Visual Studio Solution File, Format Version 12.00
# Visual Studio 15
VisualStudioVersion = 15.0.26430.16
MinimumVisualStudioVersion = 10.0.40219.1
Project("{2150E333-8FDC-42A3-9474-1A3956D46DE8}") = "Xamarin.Forms", "Xamarin.Forms", "{741B7275-6DAE-4ECE-BDC5-148B36CCEFC5}"
EndProject
Project("{2150E333-8FDC-42A3-9474-1A3956D46DE8}") = "Xamarin.Android", "Xamarin.Android", "{0FC2753B-F18F-41A3-ADD8-B311960C8ED0}"
EndProject
Project("{FAE04EC0-301F-11D3-BF4B-00C04F79EFBC}") = "Demo_Xamarin_UI_Test.Android", "Demo_Xamarin_UI_Test.Android\Demo_Xamarin_UI_Test.Android.csproj", "{2500B03A-D4E6-46FC-A8E9-7D790BA43C1A}"
EndProject
Project("{FAE04EC0-301F-11D3-BF4B-00C04F79EFBC}") = "Demo_Xamarin_UI_Test.XamarinForms", "Demo_Xamarin_UI_Test.XamarinForms\Demo_Xamarin_UI_Test.XamarinForms.csproj", "{0C866451-19D6-46BC-84E6-D3185DE9D673}"
EndProject
Project("{FAE04EC0-301F-11D3-BF4B-00C04F79EFBC}") = "Demo_Xamarin_UI_Test.App.Android", "Demo_Xamarin_UI_Test.App\Demo_Xamarin_UI_Test.App.Android\Demo_Xamarin_UI_Test.App.Android.csproj", "{3015DB58-DF51-489E-A918-1000DB9E8F7B}"
EndProject
Project("{FAE04EC0-301F-11D3-BF4B-00C04F79EFBC}") = "Demo_Xamarin_UI_Test.App", "Demo_Xamarin_UI_Test.App\Demo_Xamarin_UI_Test.App\Demo_Xamarin_UI_Test.App.csproj", "{C90F0FF9-71BA-4C08-8FD5-1605159038CB}"
EndProject
Project("{FAE04EC0-301F-11D3-BF4B-00C04F79EFBC}") = "Demo_Xamarin_UI_Test.App.UWP", "Demo_Xamarin_UI_Test.App\Demo_Xamarin_UI_Test.App.UWP\Demo_Xamarin_UI_Test.App.UWP.csproj", "{C4C3CDD1-538D-418B-9C80-2377F0EA32BE}"
EndProject
Project("{FAE04EC0-301F-11D3-BF4B-00C04F79EFBC}") = "Demo_Xamarin_UI_Test.App.iOS", "Demo_Xamarin_UI_Test.App\Demo_Xamarin_UI_Test.App.iOS\Demo_Xamarin_UI_Test.App.iOS.csproj", "{74E8A430-9052-4C0B-A8E6-F57A34DEA442}"
EndProject
Project("{2150E333-8FDC-42A3-9474-1A3956D46DE8}") = "Xamarin.Specflow.BDD", "Xamarin.Specflow.BDD", "{D27861C3-2600-4AC9-808A-E8AA33192C72}"
EndProject
Project("{FAE04EC0-301F-11D3-BF4B-00C04F79EFBC}") = "Demo_Xamarin_UI_Test.BDD", "Demo_Xamarin_UI_Test.BDD\Demo_Xamarin_UI_Test.BDD.csproj", "{18B38EBC-E4EF-493D-9D90-32C155E9BA53}"
EndProject
Global
	GlobalSection(SolutionConfigurationPlatforms) = preSolution
		Ad-Hoc|Any CPU = Ad-Hoc|Any CPU
		Ad-Hoc|ARM = Ad-Hoc|ARM
		Ad-Hoc|iPhone = Ad-Hoc|iPhone
		Ad-Hoc|iPhoneSimulator = Ad-Hoc|iPhoneSimulator
		Ad-Hoc|x64 = Ad-Hoc|x64
		Ad-Hoc|x86 = Ad-Hoc|x86
		AppStore|Any CPU = AppStore|Any CPU
		AppStore|ARM = AppStore|ARM
		AppStore|iPhone = AppStore|iPhone
		AppStore|iPhoneSimulator = AppStore|iPhoneSimulator
		AppStore|x64 = AppStore|x64
		AppStore|x86 = AppStore|x86
		Debug|Any CPU = Debug|Any CPU
		Debug|ARM = Debug|ARM
		Debug|iPhone = Debug|iPhone
		Debug|iPhoneSimulator = Debug|iPhoneSimulator
		Debug|x64 = Debug|x64
		Debug|x86 = Debug|x86
		Release|Any CPU = Release|Any CPU
		Release|ARM = Release|ARM
		Release|iPhone = Release|iPhone
		Release|iPhoneSimulator = Release|iPhoneSimulator
		Release|x64 = Release|x64
		Release|x86 = Release|x86
	EndGlobalSection
	GlobalSection(ProjectConfigurationPlatforms) = postSolution
		{2500B03A-D4E6-46FC-A8E9-7D790BA43C1A}.Ad-Hoc|Any CPU.ActiveCfg = Release|Any CPU
		{2500B03A-D4E6-46FC-A8E9-7D790BA43C1A}.Ad-Hoc|Any CPU.Build.0 = Release|Any CPU
		{2500B03A-D4E6-46FC-A8E9-7D790BA43C1A}.Ad-Hoc|ARM.ActiveCfg = Release|Any CPU
		{2500B03A-D4E6-46FC-A8E9-7D790BA43C1A}.Ad-Hoc|ARM.Build.0 = Release|Any CPU
		{2500B03A-D4E6-46FC-A8E9-7D790BA43C1A}.Ad-Hoc|iPhone.ActiveCfg = Release|Any CPU
		{2500B03A-D4E6-46FC-A8E9-7D790BA43C1A}.Ad-Hoc|iPhone.Build.0 = Release|Any CPU
		{2500B03A-D4E6-46FC-A8E9-7D790BA43C1A}.Ad-Hoc|iPhoneSimulator.ActiveCfg = Release|Any CPU
		{2500B03A-D4E6-46FC-A8E9-7D790BA43C1A}.Ad-Hoc|iPhoneSimulator.Build.0 = Release|Any CPU
		{2500B03A-D4E6-46FC-A8E9-7D790BA43C1A}.Ad-Hoc|x64.ActiveCfg = Release|Any CPU
		{2500B03A-D4E6-46FC-A8E9-7D790BA43C1A}.Ad-Hoc|x64.Build.0 = Release|Any CPU
		{2500B03A-D4E6-46FC-A8E9-7D790BA43C1A}.Ad-Hoc|x86.ActiveCfg = Release|Any CPU
		{2500B03A-D4E6-46FC-A8E9-7D790BA43C1A}.Ad-Hoc|x86.Build.0 = Release|Any CPU
		{2500B03A-D4E6-46FC-A8E9-7D790BA43C1A}.AppStore|Any CPU.ActiveCfg = Release|Any CPU
		{2500B03A-D4E6-46FC-A8E9-7D790BA43C1A}.AppStore|Any CPU.Build.0 = Release|Any CPU
		{2500B03A-D4E6-46FC-A8E9-7D790BA43C1A}.AppStore|ARM.ActiveCfg = Release|Any CPU
		{2500B03A-D4E6-46FC-A8E9-7D790BA43C1A}.AppStore|ARM.Build.0 = Release|Any CPU
		{2500B03A-D4E6-46FC-A8E9-7D790BA43C1A}.AppStore|iPhone.ActiveCfg = Release|Any CPU
		{2500B03A-D4E6-46FC-A8E9-7D790BA43C1A}.AppStore|iPhone.Build.0 = Release|Any CPU
		{2500B03A-D4E6-46FC-A8E9-7D790BA43C1A}.AppStore|iPhoneSimulator.ActiveCfg = Release|Any CPU
		{2500B03A-D4E6-46FC-A8E9-7D790BA43C1A}.AppStore|iPhoneSimulator.Build.0 = Release|Any CPU
		{2500B03A-D4E6-46FC-A8E9-7D790BA43C1A}.AppStore|x64.ActiveCfg = Release|Any CPU
		{2500B03A-D4E6-46FC-A8E9-7D790BA43C1A}.AppStore|x64.Build.0 = Release|Any CPU
		{2500B03A-D4E6-46FC-A8E9-7D790BA43C1A}.AppStore|x86.ActiveCfg = Release|Any CPU
		{2500B03A-D4E6-46FC-A8E9-7D790BA43C1A}.AppStore|x86.Build.0 = Release|Any CPU
		{2500B03A-D4E6-46FC-A8E9-7D790BA43C1A}.Debug|Any CPU.ActiveCfg = Debug|Any CPU
		{2500B03A-D4E6-46FC-A8E9-7D790BA43C1A}.Debug|Any CPU.Build.0 = Debug|Any CPU
		{2500B03A-D4E6-46FC-A8E9-7D790BA43C1A}.Debug|ARM.ActiveCfg = Debug|Any CPU
		{2500B03A-D4E6-46FC-A8E9-7D790BA43C1A}.Debug|ARM.Build.0 = Debug|Any CPU
		{2500B03A-D4E6-46FC-A8E9-7D790BA43C1A}.Debug|iPhone.ActiveCfg = Debug|Any CPU
		{2500B03A-D4E6-46FC-A8E9-7D790BA43C1A}.Debug|iPhone.Build.0 = Debug|Any CPU
		{2500B03A-D4E6-46FC-A8E9-7D790BA43C1A}.Debug|iPhoneSimulator.ActiveCfg = Debug|Any CPU
		{2500B03A-D4E6-46FC-A8E9-7D790BA43C1A}.Debug|iPhoneSimulator.Build.0 = Debug|Any CPU
		{2500B03A-D4E6-46FC-A8E9-7D790BA43C1A}.Debug|x64.ActiveCfg = Debug|Any CPU
		{2500B03A-D4E6-46FC-A8E9-7D790BA43C1A}.Debug|x64.Build.0 = Debug|Any CPU
		{2500B03A-D4E6-46FC-A8E9-7D790BA43C1A}.Debug|x86.ActiveCfg = Debug|Any CPU
		{2500B03A-D4E6-46FC-A8E9-7D790BA43C1A}.Debug|x86.Build.0 = Debug|Any CPU
		{2500B03A-D4E6-46FC-A8E9-7D790BA43C1A}.Release|Any CPU.ActiveCfg = Release|Any CPU
		{2500B03A-D4E6-46FC-A8E9-7D790BA43C1A}.Release|Any CPU.Build.0 = Release|Any CPU
		{2500B03A-D4E6-46FC-A8E9-7D790BA43C1A}.Release|ARM.ActiveCfg = Release|Any CPU
		{2500B03A-D4E6-46FC-A8E9-7D790BA43C1A}.Release|ARM.Build.0 = Release|Any CPU
		{2500B03A-D4E6-46FC-A8E9-7D790BA43C1A}.Release|iPhone.ActiveCfg = Release|Any CPU
		{2500B03A-D4E6-46FC-A8E9-7D790BA43C1A}.Release|iPhone.Build.0 = Release|Any CPU
		{2500B03A-D4E6-46FC-A8E9-7D790BA43C1A}.Release|iPhoneSimulator.ActiveCfg = Release|Any CPU
		{2500B03A-D4E6-46FC-A8E9-7D790BA43C1A}.Release|iPhoneSimulator.Build.0 = Release|Any CPU
		{2500B03A-D4E6-46FC-A8E9-7D790BA43C1A}.Release|x64.ActiveCfg = Release|Any CPU
		{2500B03A-D4E6-46FC-A8E9-7D790BA43C1A}.Release|x64.Build.0 = Release|Any CPU
		{2500B03A-D4E6-46FC-A8E9-7D790BA43C1A}.Release|x86.ActiveCfg = Release|Any CPU
		{2500B03A-D4E6-46FC-A8E9-7D790BA43C1A}.Release|x86.Build.0 = Release|Any CPU
		{0C866451-19D6-46BC-84E6-D3185DE9D673}.Ad-Hoc|Any CPU.ActiveCfg = Release|Any CPU
		{0C866451-19D6-46BC-84E6-D3185DE9D673}.Ad-Hoc|Any CPU.Build.0 = Release|Any CPU
		{0C866451-19D6-46BC-84E6-D3185DE9D673}.Ad-Hoc|ARM.ActiveCfg = Release|Any CPU
		{0C866451-19D6-46BC-84E6-D3185DE9D673}.Ad-Hoc|ARM.Build.0 = Release|Any CPU
		{0C866451-19D6-46BC-84E6-D3185DE9D673}.Ad-Hoc|iPhone.ActiveCfg = Release|Any CPU
		{0C866451-19D6-46BC-84E6-D3185DE9D673}.Ad-Hoc|iPhone.Build.0 = Release|Any CPU
		{0C866451-19D6-46BC-84E6-D3185DE9D673}.Ad-Hoc|iPhoneSimulator.ActiveCfg = Release|Any CPU
		{0C866451-19D6-46BC-84E6-D3185DE9D673}.Ad-Hoc|iPhoneSimulator.Build.0 = Release|Any CPU
		{0C866451-19D6-46BC-84E6-D3185DE9D673}.Ad-Hoc|x64.ActiveCfg = Release|Any CPU
		{0C866451-19D6-46BC-84E6-D3185DE9D673}.Ad-Hoc|x64.Build.0 = Release|Any CPU
		{0C866451-19D6-46BC-84E6-D3185DE9D673}.Ad-Hoc|x86.ActiveCfg = Release|Any CPU
		{0C866451-19D6-46BC-84E6-D3185DE9D673}.Ad-Hoc|x86.Build.0 = Release|Any CPU
		{0C866451-19D6-46BC-84E6-D3185DE9D673}.AppStore|Any CPU.ActiveCfg = Release|Any CPU
		{0C866451-19D6-46BC-84E6-D3185DE9D673}.AppStore|Any CPU.Build.0 = Release|Any CPU
		{0C866451-19D6-46BC-84E6-D3185DE9D673}.AppStore|ARM.ActiveCfg = Release|Any CPU
		{0C866451-19D6-46BC-84E6-D3185DE9D673}.AppStore|ARM.Build.0 = Release|Any CPU
		{0C866451-19D6-46BC-84E6-D3185DE9D673}.AppStore|iPhone.ActiveCfg = Release|Any CPU
		{0C866451-19D6-46BC-84E6-D3185DE9D673}.AppStore|iPhone.Build.0 = Release|Any CPU
		{0C866451-19D6-46BC-84E6-D3185DE9D673}.AppStore|iPhoneSimulator.ActiveCfg = Release|Any CPU
		{0C866451-19D6-46BC-84E6-D3185DE9D673}.AppStore|iPhoneSimulator.Build.0 = Release|Any CPU
		{0C866451-19D6-46BC-84E6-D3185DE9D673}.AppStore|x64.ActiveCfg = Release|Any CPU
		{0C866451-19D6-46BC-84E6-D3185DE9D673}.AppStore|x64.Build.0 = Release|Any CPU
		{0C866451-19D6-46BC-84E6-D3185DE9D673}.AppStore|x86.ActiveCfg = Release|Any CPU
		{0C866451-19D6-46BC-84E6-D3185DE9D673}.AppStore|x86.Build.0 = Release|Any CPU
		{0C866451-19D6-46BC-84E6-D3185DE9D673}.Debug|Any CPU.ActiveCfg = Debug|Any CPU
		{0C866451-19D6-46BC-84E6-D3185DE9D673}.Debug|Any CPU.Build.0 = Debug|Any CPU
		{0C866451-19D6-46BC-84E6-D3185DE9D673}.Debug|ARM.ActiveCfg = Debug|Any CPU
		{0C866451-19D6-46BC-84E6-D3185DE9D673}.Debug|ARM.Build.0 = Debug|Any CPU
		{0C866451-19D6-46BC-84E6-D3185DE9D673}.Debug|iPhone.ActiveCfg = Debug|Any CPU
		{0C866451-19D6-46BC-84E6-D3185DE9D673}.Debug|iPhone.Build.0 = Debug|Any CPU
		{0C866451-19D6-46BC-84E6-D3185DE9D673}.Debug|iPhoneSimulator.ActiveCfg = Debug|Any CPU
		{0C866451-19D6-46BC-84E6-D3185DE9D673}.Debug|iPhoneSimulator.Build.0 = Debug|Any CPU
		{0C866451-19D6-46BC-84E6-D3185DE9D673}.Debug|x64.ActiveCfg = Debug|Any CPU
		{0C866451-19D6-46BC-84E6-D3185DE9D673}.Debug|x64.Build.0 = Debug|Any CPU
		{0C866451-19D6-46BC-84E6-D3185DE9D673}.Debug|x86.ActiveCfg = Debug|Any CPU
		{0C866451-19D6-46BC-84E6-D3185DE9D673}.Debug|x86.Build.0 = Debug|Any CPU
		{0C866451-19D6-46BC-84E6-D3185DE9D673}.Release|Any CPU.ActiveCfg = Release|Any CPU
		{0C866451-19D6-46BC-84E6-D3185DE9D673}.Release|Any CPU.Build.0 = Release|Any CPU
		{0C866451-19D6-46BC-84E6-D3185DE9D673}.Release|ARM.ActiveCfg = Release|Any CPU
		{0C866451-19D6-46BC-84E6-D3185DE9D673}.Release|ARM.Build.0 = Release|Any CPU
		{0C866451-19D6-46BC-84E6-D3185DE9D673}.Release|iPhone.ActiveCfg = Release|Any CPU
		{0C866451-19D6-46BC-84E6-D3185DE9D673}.Release|iPhone.Build.0 = Release|Any CPU
		{0C866451-19D6-46BC-84E6-D3185DE9D673}.Release|iPhoneSimulator.ActiveCfg = Release|Any CPU
		{0C866451-19D6-46BC-84E6-D3185DE9D673}.Release|iPhoneSimulator.Build.0 = Release|Any CPU
		{0C866451-19D6-46BC-84E6-D3185DE9D673}.Release|x64.ActiveCfg = Release|Any CPU
		{0C866451-19D6-46BC-84E6-D3185DE9D673}.Release|x64.Build.0 = Release|Any CPU
		{0C866451-19D6-46BC-84E6-D3185DE9D673}.Release|x86.ActiveCfg = Release|Any CPU
		{0C866451-19D6-46BC-84E6-D3185DE9D673}.Release|x86.Build.0 = Release|Any CPU
		{3015DB58-DF51-489E-A918-1000DB9E8F7B}.Ad-Hoc|Any CPU.ActiveCfg = Release|Any CPU
		{3015DB58-DF51-489E-A918-1000DB9E8F7B}.Ad-Hoc|Any CPU.Build.0 = Release|Any CPU
		{3015DB58-DF51-489E-A918-1000DB9E8F7B}.Ad-Hoc|Any CPU.Deploy.0 = Release|Any CPU
		{3015DB58-DF51-489E-A918-1000DB9E8F7B}.Ad-Hoc|ARM.ActiveCfg = Release|Any CPU
		{3015DB58-DF51-489E-A918-1000DB9E8F7B}.Ad-Hoc|ARM.Build.0 = Release|Any CPU
		{3015DB58-DF51-489E-A918-1000DB9E8F7B}.Ad-Hoc|ARM.Deploy.0 = Release|Any CPU
		{3015DB58-DF51-489E-A918-1000DB9E8F7B}.Ad-Hoc|iPhone.ActiveCfg = Release|Any CPU
		{3015DB58-DF51-489E-A918-1000DB9E8F7B}.Ad-Hoc|iPhone.Build.0 = Release|Any CPU
		{3015DB58-DF51-489E-A918-1000DB9E8F7B}.Ad-Hoc|iPhone.Deploy.0 = Release|Any CPU
		{3015DB58-DF51-489E-A918-1000DB9E8F7B}.Ad-Hoc|iPhoneSimulator.ActiveCfg = Release|Any CPU
		{3015DB58-DF51-489E-A918-1000DB9E8F7B}.Ad-Hoc|iPhoneSimulator.Build.0 = Release|Any CPU
		{3015DB58-DF51-489E-A918-1000DB9E8F7B}.Ad-Hoc|iPhoneSimulator.Deploy.0 = Release|Any CPU
		{3015DB58-DF51-489E-A918-1000DB9E8F7B}.Ad-Hoc|x64.ActiveCfg = Release|Any CPU
		{3015DB58-DF51-489E-A918-1000DB9E8F7B}.Ad-Hoc|x64.Build.0 = Release|Any CPU
		{3015DB58-DF51-489E-A918-1000DB9E8F7B}.Ad-Hoc|x64.Deploy.0 = Release|Any CPU
		{3015DB58-DF51-489E-A918-1000DB9E8F7B}.Ad-Hoc|x86.ActiveCfg = Release|Any CPU
		{3015DB58-DF51-489E-A918-1000DB9E8F7B}.Ad-Hoc|x86.Build.0 = Release|Any CPU
		{3015DB58-DF51-489E-A918-1000DB9E8F7B}.Ad-Hoc|x86.Deploy.0 = Release|Any CPU
		{3015DB58-DF51-489E-A918-1000DB9E8F7B}.AppStore|Any CPU.ActiveCfg = Release|Any CPU
		{3015DB58-DF51-489E-A918-1000DB9E8F7B}.AppStore|Any CPU.Build.0 = Release|Any CPU
		{3015DB58-DF51-489E-A918-1000DB9E8F7B}.AppStore|Any CPU.Deploy.0 = Release|Any CPU
		{3015DB58-DF51-489E-A918-1000DB9E8F7B}.AppStore|ARM.ActiveCfg = Release|Any CPU
		{3015DB58-DF51-489E-A918-1000DB9E8F7B}.AppStore|ARM.Build.0 = Release|Any CPU
		{3015DB58-DF51-489E-A918-1000DB9E8F7B}.AppStore|ARM.Deploy.0 = Release|Any CPU
		{3015DB58-DF51-489E-A918-1000DB9E8F7B}.AppStore|iPhone.ActiveCfg = Release|Any CPU
		{3015DB58-DF51-489E-A918-1000DB9E8F7B}.AppStore|iPhone.Build.0 = Release|Any CPU
		{3015DB58-DF51-489E-A918-1000DB9E8F7B}.AppStore|iPhone.Deploy.0 = Release|Any CPU
		{3015DB58-DF51-489E-A918-1000DB9E8F7B}.AppStore|iPhoneSimulator.ActiveCfg = Release|Any CPU
		{3015DB58-DF51-489E-A918-1000DB9E8F7B}.AppStore|iPhoneSimulator.Build.0 = Release|Any CPU
		{3015DB58-DF51-489E-A918-1000DB9E8F7B}.AppStore|iPhoneSimulator.Deploy.0 = Release|Any CPU
		{3015DB58-DF51-489E-A918-1000DB9E8F7B}.AppStore|x64.ActiveCfg = Release|Any CPU
		{3015DB58-DF51-489E-A918-1000DB9E8F7B}.AppStore|x64.Build.0 = Release|Any CPU
		{3015DB58-DF51-489E-A918-1000DB9E8F7B}.AppStore|x64.Deploy.0 = Release|Any CPU
		{3015DB58-DF51-489E-A918-1000DB9E8F7B}.AppStore|x86.ActiveCfg = Release|Any CPU
		{3015DB58-DF51-489E-A918-1000DB9E8F7B}.AppStore|x86.Build.0 = Release|Any CPU
		{3015DB58-DF51-489E-A918-1000DB9E8F7B}.AppStore|x86.Deploy.0 = Release|Any CPU
		{3015DB58-DF51-489E-A918-1000DB9E8F7B}.Debug|Any CPU.ActiveCfg = Debug|Any CPU
		{3015DB58-DF51-489E-A918-1000DB9E8F7B}.Debug|Any CPU.Build.0 = Debug|Any CPU
		{3015DB58-DF51-489E-A918-1000DB9E8F7B}.Debug|Any CPU.Deploy.0 = Debug|Any CPU
		{3015DB58-DF51-489E-A918-1000DB9E8F7B}.Debug|ARM.ActiveCfg = Debug|Any CPU
		{3015DB58-DF51-489E-A918-1000DB9E8F7B}.Debug|ARM.Build.0 = Debug|Any CPU
		{3015DB58-DF51-489E-A918-1000DB9E8F7B}.Debug|ARM.Deploy.0 = Debug|Any CPU
		{3015DB58-DF51-489E-A918-1000DB9E8F7B}.Debug|iPhone.ActiveCfg = Debug|Any CPU
		{3015DB58-DF51-489E-A918-1000DB9E8F7B}.Debug|iPhone.Build.0 = Debug|Any CPU
		{3015DB58-DF51-489E-A918-1000DB9E8F7B}.Debug|iPhone.Deploy.0 = Debug|Any CPU
		{3015DB58-DF51-489E-A918-1000DB9E8F7B}.Debug|iPhoneSimulator.ActiveCfg = Debug|Any CPU
		{3015DB58-DF51-489E-A918-1000DB9E8F7B}.Debug|iPhoneSimulator.Build.0 = Debug|Any CPU
		{3015DB58-DF51-489E-A918-1000DB9E8F7B}.Debug|iPhoneSimulator.Deploy.0 = Debug|Any CPU
		{3015DB58-DF51-489E-A918-1000DB9E8F7B}.Debug|x64.ActiveCfg = Debug|Any CPU
		{3015DB58-DF51-489E-A918-1000DB9E8F7B}.Debug|x64.Build.0 = Debug|Any CPU
		{3015DB58-DF51-489E-A918-1000DB9E8F7B}.Debug|x64.Deploy.0 = Debug|Any CPU
		{3015DB58-DF51-489E-A918-1000DB9E8F7B}.Debug|x86.ActiveCfg = Debug|Any CPU
		{3015DB58-DF51-489E-A918-1000DB9E8F7B}.Debug|x86.Build.0 = Debug|Any CPU
		{3015DB58-DF51-489E-A918-1000DB9E8F7B}.Debug|x86.Deploy.0 = Debug|Any CPU
		{3015DB58-DF51-489E-A918-1000DB9E8F7B}.Release|Any CPU.ActiveCfg = Release|Any CPU
		{3015DB58-DF51-489E-A918-1000DB9E8F7B}.Release|Any CPU.Build.0 = Release|Any CPU
		{3015DB58-DF51-489E-A918-1000DB9E8F7B}.Release|Any CPU.Deploy.0 = Release|Any CPU
		{3015DB58-DF51-489E-A918-1000DB9E8F7B}.Release|ARM.ActiveCfg = Release|Any CPU
		{3015DB58-DF51-489E-A918-1000DB9E8F7B}.Release|ARM.Build.0 = Release|Any CPU
		{3015DB58-DF51-489E-A918-1000DB9E8F7B}.Release|ARM.Deploy.0 = Release|Any CPU
		{3015DB58-DF51-489E-A918-1000DB9E8F7B}.Release|iPhone.ActiveCfg = Release|Any CPU
		{3015DB58-DF51-489E-A918-1000DB9E8F7B}.Release|iPhone.Build.0 = Release|Any CPU
		{3015DB58-DF51-489E-A918-1000DB9E8F7B}.Release|iPhone.Deploy.0 = Release|Any CPU
		{3015DB58-DF51-489E-A918-1000DB9E8F7B}.Release|iPhoneSimulator.ActiveCfg = Release|Any CPU
		{3015DB58-DF51-489E-A918-1000DB9E8F7B}.Release|iPhoneSimulator.Build.0 = Release|Any CPU
		{3015DB58-DF51-489E-A918-1000DB9E8F7B}.Release|iPhoneSimulator.Deploy.0 = Release|Any CPU
		{3015DB58-DF51-489E-A918-1000DB9E8F7B}.Release|x64.ActiveCfg = Release|Any CPU
		{3015DB58-DF51-489E-A918-1000DB9E8F7B}.Release|x64.Build.0 = Release|Any CPU
		{3015DB58-DF51-489E-A918-1000DB9E8F7B}.Release|x64.Deploy.0 = Release|Any CPU
		{3015DB58-DF51-489E-A918-1000DB9E8F7B}.Release|x86.ActiveCfg = Release|Any CPU
		{3015DB58-DF51-489E-A918-1000DB9E8F7B}.Release|x86.Build.0 = Release|Any CPU
		{3015DB58-DF51-489E-A918-1000DB9E8F7B}.Release|x86.Deploy.0 = Release|Any CPU
		{C90F0FF9-71BA-4C08-8FD5-1605159038CB}.Ad-Hoc|Any CPU.ActiveCfg = Release|Any CPU
		{C90F0FF9-71BA-4C08-8FD5-1605159038CB}.Ad-Hoc|Any CPU.Build.0 = Release|Any CPU
		{C90F0FF9-71BA-4C08-8FD5-1605159038CB}.Ad-Hoc|ARM.ActiveCfg = Release|Any CPU
		{C90F0FF9-71BA-4C08-8FD5-1605159038CB}.Ad-Hoc|ARM.Build.0 = Release|Any CPU
		{C90F0FF9-71BA-4C08-8FD5-1605159038CB}.Ad-Hoc|iPhone.ActiveCfg = Release|Any CPU
		{C90F0FF9-71BA-4C08-8FD5-1605159038CB}.Ad-Hoc|iPhone.Build.0 = Release|Any CPU
		{C90F0FF9-71BA-4C08-8FD5-1605159038CB}.Ad-Hoc|iPhoneSimulator.ActiveCfg = Release|Any CPU
		{C90F0FF9-71BA-4C08-8FD5-1605159038CB}.Ad-Hoc|iPhoneSimulator.Build.0 = Release|Any CPU
		{C90F0FF9-71BA-4C08-8FD5-1605159038CB}.Ad-Hoc|x64.ActiveCfg = Release|Any CPU
		{C90F0FF9-71BA-4C08-8FD5-1605159038CB}.Ad-Hoc|x64.Build.0 = Release|Any CPU
		{C90F0FF9-71BA-4C08-8FD5-1605159038CB}.Ad-Hoc|x86.ActiveCfg = Release|Any CPU
		{C90F0FF9-71BA-4C08-8FD5-1605159038CB}.Ad-Hoc|x86.Build.0 = Release|Any CPU
		{C90F0FF9-71BA-4C08-8FD5-1605159038CB}.AppStore|Any CPU.ActiveCfg = Release|Any CPU
		{C90F0FF9-71BA-4C08-8FD5-1605159038CB}.AppStore|Any CPU.Build.0 = Release|Any CPU
		{C90F0FF9-71BA-4C08-8FD5-1605159038CB}.AppStore|ARM.ActiveCfg = Release|Any CPU
		{C90F0FF9-71BA-4C08-8FD5-1605159038CB}.AppStore|ARM.Build.0 = Release|Any CPU
		{C90F0FF9-71BA-4C08-8FD5-1605159038CB}.AppStore|iPhone.ActiveCfg = Release|Any CPU
		{C90F0FF9-71BA-4C08-8FD5-1605159038CB}.AppStore|iPhone.Build.0 = Release|Any CPU
		{C90F0FF9-71BA-4C08-8FD5-1605159038CB}.AppStore|iPhoneSimulator.ActiveCfg = Release|Any CPU
		{C90F0FF9-71BA-4C08-8FD5-1605159038CB}.AppStore|iPhoneSimulator.Build.0 = Release|Any CPU
		{C90F0FF9-71BA-4C08-8FD5-1605159038CB}.AppStore|x64.ActiveCfg = Release|Any CPU
		{C90F0FF9-71BA-4C08-8FD5-1605159038CB}.AppStore|x64.Build.0 = Release|Any CPU
		{C90F0FF9-71BA-4C08-8FD5-1605159038CB}.AppStore|x86.ActiveCfg = Release|Any CPU
		{C90F0FF9-71BA-4C08-8FD5-1605159038CB}.AppStore|x86.Build.0 = Release|Any CPU
		{C90F0FF9-71BA-4C08-8FD5-1605159038CB}.Debug|Any CPU.ActiveCfg = Debug|Any CPU
		{C90F0FF9-71BA-4C08-8FD5-1605159038CB}.Debug|Any CPU.Build.0 = Debug|Any CPU
		{C90F0FF9-71BA-4C08-8FD5-1605159038CB}.Debug|ARM.ActiveCfg = Debug|Any CPU
		{C90F0FF9-71BA-4C08-8FD5-1605159038CB}.Debug|ARM.Build.0 = Debug|Any CPU
		{C90F0FF9-71BA-4C08-8FD5-1605159038CB}.Debug|iPhone.ActiveCfg = Debug|Any CPU
		{C90F0FF9-71BA-4C08-8FD5-1605159038CB}.Debug|iPhone.Build.0 = Debug|Any CPU
		{C90F0FF9-71BA-4C08-8FD5-1605159038CB}.Debug|iPhoneSimulator.ActiveCfg = Debug|Any CPU
		{C90F0FF9-71BA-4C08-8FD5-1605159038CB}.Debug|iPhoneSimulator.Build.0 = Debug|Any CPU
		{C90F0FF9-71BA-4C08-8FD5-1605159038CB}.Debug|x64.ActiveCfg = Debug|Any CPU
		{C90F0FF9-71BA-4C08-8FD5-1605159038CB}.Debug|x64.Build.0 = Debug|Any CPU
		{C90F0FF9-71BA-4C08-8FD5-1605159038CB}.Debug|x86.ActiveCfg = Debug|Any CPU
		{C90F0FF9-71BA-4C08-8FD5-1605159038CB}.Debug|x86.Build.0 = Debug|Any CPU
		{C90F0FF9-71BA-4C08-8FD5-1605159038CB}.Release|Any CPU.ActiveCfg = Release|Any CPU
		{C90F0FF9-71BA-4C08-8FD5-1605159038CB}.Release|Any CPU.Build.0 = Release|Any CPU
		{C90F0FF9-71BA-4C08-8FD5-1605159038CB}.Release|ARM.ActiveCfg = Release|Any CPU
		{C90F0FF9-71BA-4C08-8FD5-1605159038CB}.Release|ARM.Build.0 = Release|Any CPU
		{C90F0FF9-71BA-4C08-8FD5-1605159038CB}.Release|iPhone.ActiveCfg = Release|Any CPU
		{C90F0FF9-71BA-4C08-8FD5-1605159038CB}.Release|iPhone.Build.0 = Release|Any CPU
		{C90F0FF9-71BA-4C08-8FD5-1605159038CB}.Release|iPhoneSimulator.ActiveCfg = Release|Any CPU
		{C90F0FF9-71BA-4C08-8FD5-1605159038CB}.Release|iPhoneSimulator.Build.0 = Release|Any CPU
		{C90F0FF9-71BA-4C08-8FD5-1605159038CB}.Release|x64.ActiveCfg = Release|Any CPU
		{C90F0FF9-71BA-4C08-8FD5-1605159038CB}.Release|x64.Build.0 = Release|Any CPU
		{C90F0FF9-71BA-4C08-8FD5-1605159038CB}.Release|x86.ActiveCfg = Release|Any CPU
		{C90F0FF9-71BA-4C08-8FD5-1605159038CB}.Release|x86.Build.0 = Release|Any CPU
		{C4C3CDD1-538D-418B-9C80-2377F0EA32BE}.Ad-Hoc|Any CPU.ActiveCfg = Release|x86
		{C4C3CDD1-538D-418B-9C80-2377F0EA32BE}.Ad-Hoc|Any CPU.Build.0 = Release|x86
		{C4C3CDD1-538D-418B-9C80-2377F0EA32BE}.Ad-Hoc|Any CPU.Deploy.0 = Release|x86
		{C4C3CDD1-538D-418B-9C80-2377F0EA32BE}.Ad-Hoc|ARM.ActiveCfg = Release|ARM
		{C4C3CDD1-538D-418B-9C80-2377F0EA32BE}.Ad-Hoc|ARM.Build.0 = Release|ARM
		{C4C3CDD1-538D-418B-9C80-2377F0EA32BE}.Ad-Hoc|ARM.Deploy.0 = Release|ARM
		{C4C3CDD1-538D-418B-9C80-2377F0EA32BE}.Ad-Hoc|iPhone.ActiveCfg = Release|x86
		{C4C3CDD1-538D-418B-9C80-2377F0EA32BE}.Ad-Hoc|iPhone.Build.0 = Release|x86
		{C4C3CDD1-538D-418B-9C80-2377F0EA32BE}.Ad-Hoc|iPhone.Deploy.0 = Release|x86
		{C4C3CDD1-538D-418B-9C80-2377F0EA32BE}.Ad-Hoc|iPhoneSimulator.ActiveCfg = Release|x86
		{C4C3CDD1-538D-418B-9C80-2377F0EA32BE}.Ad-Hoc|iPhoneSimulator.Build.0 = Release|x86
		{C4C3CDD1-538D-418B-9C80-2377F0EA32BE}.Ad-Hoc|iPhoneSimulator.Deploy.0 = Release|x86
		{C4C3CDD1-538D-418B-9C80-2377F0EA32BE}.Ad-Hoc|x64.ActiveCfg = Release|x64
		{C4C3CDD1-538D-418B-9C80-2377F0EA32BE}.Ad-Hoc|x64.Build.0 = Release|x64
		{C4C3CDD1-538D-418B-9C80-2377F0EA32BE}.Ad-Hoc|x64.Deploy.0 = Release|x64
		{C4C3CDD1-538D-418B-9C80-2377F0EA32BE}.Ad-Hoc|x86.ActiveCfg = Release|x86
		{C4C3CDD1-538D-418B-9C80-2377F0EA32BE}.Ad-Hoc|x86.Build.0 = Release|x86
		{C4C3CDD1-538D-418B-9C80-2377F0EA32BE}.Ad-Hoc|x86.Deploy.0 = Release|x86
		{C4C3CDD1-538D-418B-9C80-2377F0EA32BE}.AppStore|Any CPU.ActiveCfg = Release|x86
		{C4C3CDD1-538D-418B-9C80-2377F0EA32BE}.AppStore|Any CPU.Build.0 = Release|x86
		{C4C3CDD1-538D-418B-9C80-2377F0EA32BE}.AppStore|Any CPU.Deploy.0 = Release|x86
		{C4C3CDD1-538D-418B-9C80-2377F0EA32BE}.AppStore|ARM.ActiveCfg = Release|ARM
		{C4C3CDD1-538D-418B-9C80-2377F0EA32BE}.AppStore|ARM.Build.0 = Release|ARM
		{C4C3CDD1-538D-418B-9C80-2377F0EA32BE}.AppStore|ARM.Deploy.0 = Release|ARM
		{C4C3CDD1-538D-418B-9C80-2377F0EA32BE}.AppStore|iPhone.ActiveCfg = Release|x86
		{C4C3CDD1-538D-418B-9C80-2377F0EA32BE}.AppStore|iPhone.Build.0 = Release|x86
		{C4C3CDD1-538D-418B-9C80-2377F0EA32BE}.AppStore|iPhone.Deploy.0 = Release|x86
		{C4C3CDD1-538D-418B-9C80-2377F0EA32BE}.AppStore|iPhoneSimulator.ActiveCfg = Release|x86
		{C4C3CDD1-538D-418B-9C80-2377F0EA32BE}.AppStore|iPhoneSimulator.Build.0 = Release|x86
		{C4C3CDD1-538D-418B-9C80-2377F0EA32BE}.AppStore|iPhoneSimulator.Deploy.0 = Release|x86
		{C4C3CDD1-538D-418B-9C80-2377F0EA32BE}.AppStore|x64.ActiveCfg = Release|x64
		{C4C3CDD1-538D-418B-9C80-2377F0EA32BE}.AppStore|x64.Build.0 = Release|x64
		{C4C3CDD1-538D-418B-9C80-2377F0EA32BE}.AppStore|x64.Deploy.0 = Release|x64
		{C4C3CDD1-538D-418B-9C80-2377F0EA32BE}.AppStore|x86.ActiveCfg = Release|x86
		{C4C3CDD1-538D-418B-9C80-2377F0EA32BE}.AppStore|x86.Build.0 = Release|x86
		{C4C3CDD1-538D-418B-9C80-2377F0EA32BE}.AppStore|x86.Deploy.0 = Release|x86
		{C4C3CDD1-538D-418B-9C80-2377F0EA32BE}.Debug|Any CPU.ActiveCfg = Debug|x86
		{C4C3CDD1-538D-418B-9C80-2377F0EA32BE}.Debug|ARM.ActiveCfg = Debug|ARM
		{C4C3CDD1-538D-418B-9C80-2377F0EA32BE}.Debug|ARM.Build.0 = Debug|ARM
		{C4C3CDD1-538D-418B-9C80-2377F0EA32BE}.Debug|ARM.Deploy.0 = Debug|ARM
		{C4C3CDD1-538D-418B-9C80-2377F0EA32BE}.Debug|iPhone.ActiveCfg = Debug|x86
		{C4C3CDD1-538D-418B-9C80-2377F0EA32BE}.Debug|iPhoneSimulator.ActiveCfg = Debug|x86
		{C4C3CDD1-538D-418B-9C80-2377F0EA32BE}.Debug|x64.ActiveCfg = Debug|x64
		{C4C3CDD1-538D-418B-9C80-2377F0EA32BE}.Debug|x64.Build.0 = Debug|x64
		{C4C3CDD1-538D-418B-9C80-2377F0EA32BE}.Debug|x64.Deploy.0 = Debug|x64
		{C4C3CDD1-538D-418B-9C80-2377F0EA32BE}.Debug|x86.ActiveCfg = Debug|x86
		{C4C3CDD1-538D-418B-9C80-2377F0EA32BE}.Debug|x86.Build.0 = Debug|x86
		{C4C3CDD1-538D-418B-9C80-2377F0EA32BE}.Debug|x86.Deploy.0 = Debug|x86
		{C4C3CDD1-538D-418B-9C80-2377F0EA32BE}.Release|Any CPU.ActiveCfg = Release|x86
		{C4C3CDD1-538D-418B-9C80-2377F0EA32BE}.Release|ARM.ActiveCfg = Release|ARM
		{C4C3CDD1-538D-418B-9C80-2377F0EA32BE}.Release|ARM.Build.0 = Release|ARM
		{C4C3CDD1-538D-418B-9C80-2377F0EA32BE}.Release|ARM.Deploy.0 = Release|ARM
		{C4C3CDD1-538D-418B-9C80-2377F0EA32BE}.Release|iPhone.ActiveCfg = Release|x86
		{C4C3CDD1-538D-418B-9C80-2377F0EA32BE}.Release|iPhoneSimulator.ActiveCfg = Release|x86
		{C4C3CDD1-538D-418B-9C80-2377F0EA32BE}.Release|x64.ActiveCfg = Release|x64
		{C4C3CDD1-538D-418B-9C80-2377F0EA32BE}.Release|x64.Build.0 = Release|x64
		{C4C3CDD1-538D-418B-9C80-2377F0EA32BE}.Release|x64.Deploy.0 = Release|x64
		{C4C3CDD1-538D-418B-9C80-2377F0EA32BE}.Release|x86.ActiveCfg = Release|x86
		{C4C3CDD1-538D-418B-9C80-2377F0EA32BE}.Release|x86.Build.0 = Release|x86
		{C4C3CDD1-538D-418B-9C80-2377F0EA32BE}.Release|x86.Deploy.0 = Release|x86
		{74E8A430-9052-4C0B-A8E6-F57A34DEA442}.Ad-Hoc|Any CPU.ActiveCfg = Ad-Hoc|iPhone
		{74E8A430-9052-4C0B-A8E6-F57A34DEA442}.Ad-Hoc|ARM.ActiveCfg = Ad-Hoc|iPhone
		{74E8A430-9052-4C0B-A8E6-F57A34DEA442}.Ad-Hoc|iPhone.ActiveCfg = Ad-Hoc|iPhone
		{74E8A430-9052-4C0B-A8E6-F57A34DEA442}.Ad-Hoc|iPhone.Build.0 = Ad-Hoc|iPhone
		{74E8A430-9052-4C0B-A8E6-F57A34DEA442}.Ad-Hoc|iPhoneSimulator.ActiveCfg = Ad-Hoc|iPhoneSimulator
		{74E8A430-9052-4C0B-A8E6-F57A34DEA442}.Ad-Hoc|iPhoneSimulator.Build.0 = Ad-Hoc|iPhoneSimulator
		{74E8A430-9052-4C0B-A8E6-F57A34DEA442}.Ad-Hoc|x64.ActiveCfg = Ad-Hoc|iPhone
		{74E8A430-9052-4C0B-A8E6-F57A34DEA442}.Ad-Hoc|x86.ActiveCfg = Ad-Hoc|iPhone
		{74E8A430-9052-4C0B-A8E6-F57A34DEA442}.AppStore|Any CPU.ActiveCfg = AppStore|iPhone
		{74E8A430-9052-4C0B-A8E6-F57A34DEA442}.AppStore|ARM.ActiveCfg = AppStore|iPhone
		{74E8A430-9052-4C0B-A8E6-F57A34DEA442}.AppStore|iPhone.ActiveCfg = AppStore|iPhone
		{74E8A430-9052-4C0B-A8E6-F57A34DEA442}.AppStore|iPhone.Build.0 = AppStore|iPhone
		{74E8A430-9052-4C0B-A8E6-F57A34DEA442}.AppStore|iPhoneSimulator.ActiveCfg = AppStore|iPhoneSimulator
		{74E8A430-9052-4C0B-A8E6-F57A34DEA442}.AppStore|iPhoneSimulator.Build.0 = AppStore|iPhoneSimulator
		{74E8A430-9052-4C0B-A8E6-F57A34DEA442}.AppStore|x64.ActiveCfg = AppStore|iPhone
		{74E8A430-9052-4C0B-A8E6-F57A34DEA442}.AppStore|x86.ActiveCfg = AppStore|iPhone
		{74E8A430-9052-4C0B-A8E6-F57A34DEA442}.Debug|Any CPU.ActiveCfg = Debug|iPhone
		{74E8A430-9052-4C0B-A8E6-F57A34DEA442}.Debug|ARM.ActiveCfg = Debug|iPhone
		{74E8A430-9052-4C0B-A8E6-F57A34DEA442}.Debug|iPhone.ActiveCfg = Debug|iPhone
		{74E8A430-9052-4C0B-A8E6-F57A34DEA442}.Debug|iPhone.Build.0 = Debug|iPhone
		{74E8A430-9052-4C0B-A8E6-F57A34DEA442}.Debug|iPhoneSimulator.ActiveCfg = Debug|iPhoneSimulator
		{74E8A430-9052-4C0B-A8E6-F57A34DEA442}.Debug|iPhoneSimulator.Build.0 = Debug|iPhoneSimulator
		{74E8A430-9052-4C0B-A8E6-F57A34DEA442}.Debug|x64.ActiveCfg = Debug|iPhone
		{74E8A430-9052-4C0B-A8E6-F57A34DEA442}.Debug|x86.ActiveCfg = Debug|iPhone
		{74E8A430-9052-4C0B-A8E6-F57A34DEA442}.Release|Any CPU.ActiveCfg = Release|iPhone
		{74E8A430-9052-4C0B-A8E6-F57A34DEA442}.Release|ARM.ActiveCfg = Release|iPhone
		{74E8A430-9052-4C0B-A8E6-F57A34DEA442}.Release|iPhone.ActiveCfg = Release|iPhone
		{74E8A430-9052-4C0B-A8E6-F57A34DEA442}.Release|iPhone.Build.0 = Release|iPhone
		{74E8A430-9052-4C0B-A8E6-F57A34DEA442}.Release|iPhoneSimulator.ActiveCfg = Release|iPhoneSimulator
		{74E8A430-9052-4C0B-A8E6-F57A34DEA442}.Release|iPhoneSimulator.Build.0 = Release|iPhoneSimulator
		{74E8A430-9052-4C0B-A8E6-F57A34DEA442}.Release|x64.ActiveCfg = Release|iPhone
		{74E8A430-9052-4C0B-A8E6-F57A34DEA442}.Release|x86.ActiveCfg = Release|iPhone
		{18B38EBC-E4EF-493D-9D90-32C155E9BA53}.Ad-Hoc|Any CPU.ActiveCfg = Release|Any CPU
		{18B38EBC-E4EF-493D-9D90-32C155E9BA53}.Ad-Hoc|Any CPU.Build.0 = Release|Any CPU
		{18B38EBC-E4EF-493D-9D90-32C155E9BA53}.Ad-Hoc|ARM.ActiveCfg = Release|Any CPU
		{18B38EBC-E4EF-493D-9D90-32C155E9BA53}.Ad-Hoc|ARM.Build.0 = Release|Any CPU
		{18B38EBC-E4EF-493D-9D90-32C155E9BA53}.Ad-Hoc|iPhone.ActiveCfg = Release|Any CPU
		{18B38EBC-E4EF-493D-9D90-32C155E9BA53}.Ad-Hoc|iPhone.Build.0 = Release|Any CPU
		{18B38EBC-E4EF-493D-9D90-32C155E9BA53}.Ad-Hoc|iPhoneSimulator.ActiveCfg = Release|Any CPU
		{18B38EBC-E4EF-493D-9D90-32C155E9BA53}.Ad-Hoc|iPhoneSimulator.Build.0 = Release|Any CPU
		{18B38EBC-E4EF-493D-9D90-32C155E9BA53}.Ad-Hoc|x64.ActiveCfg = Release|Any CPU
		{18B38EBC-E4EF-493D-9D90-32C155E9BA53}.Ad-Hoc|x64.Build.0 = Release|Any CPU
		{18B38EBC-E4EF-493D-9D90-32C155E9BA53}.Ad-Hoc|x86.ActiveCfg = Release|Any CPU
		{18B38EBC-E4EF-493D-9D90-32C155E9BA53}.Ad-Hoc|x86.Build.0 = Release|Any CPU
		{18B38EBC-E4EF-493D-9D90-32C155E9BA53}.AppStore|Any CPU.ActiveCfg = Release|Any CPU
		{18B38EBC-E4EF-493D-9D90-32C155E9BA53}.AppStore|Any CPU.Build.0 = Release|Any CPU
		{18B38EBC-E4EF-493D-9D90-32C155E9BA53}.AppStore|ARM.ActiveCfg = Release|Any CPU
		{18B38EBC-E4EF-493D-9D90-32C155E9BA53}.AppStore|ARM.Build.0 = Release|Any CPU
		{18B38EBC-E4EF-493D-9D90-32C155E9BA53}.AppStore|iPhone.ActiveCfg = Release|Any CPU
		{18B38EBC-E4EF-493D-9D90-32C155E9BA53}.AppStore|iPhone.Build.0 = Release|Any CPU
		{18B38EBC-E4EF-493D-9D90-32C155E9BA53}.AppStore|iPhoneSimulator.ActiveCfg = Release|Any CPU
		{18B38EBC-E4EF-493D-9D90-32C155E9BA53}.AppStore|iPhoneSimulator.Build.0 = Release|Any CPU
		{18B38EBC-E4EF-493D-9D90-32C155E9BA53}.AppStore|x64.ActiveCfg = Release|Any CPU
		{18B38EBC-E4EF-493D-9D90-32C155E9BA53}.AppStore|x64.Build.0 = Release|Any CPU
		{18B38EBC-E4EF-493D-9D90-32C155E9BA53}.AppStore|x86.ActiveCfg = Release|Any CPU
		{18B38EBC-E4EF-493D-9D90-32C155E9BA53}.AppStore|x86.Build.0 = Release|Any CPU
		{18B38EBC-E4EF-493D-9D90-32C155E9BA53}.Debug|Any CPU.ActiveCfg = Debug|Any CPU
		{18B38EBC-E4EF-493D-9D90-32C155E9BA53}.Debug|Any CPU.Build.0 = Debug|Any CPU
		{18B38EBC-E4EF-493D-9D90-32C155E9BA53}.Debug|ARM.ActiveCfg = Debug|Any CPU
		{18B38EBC-E4EF-493D-9D90-32C155E9BA53}.Debug|ARM.Build.0 = Debug|Any CPU
		{18B38EBC-E4EF-493D-9D90-32C155E9BA53}.Debug|iPhone.ActiveCfg = Debug|Any CPU
		{18B38EBC-E4EF-493D-9D90-32C155E9BA53}.Debug|iPhone.Build.0 = Debug|Any CPU
		{18B38EBC-E4EF-493D-9D90-32C155E9BA53}.Debug|iPhoneSimulator.ActiveCfg = Debug|Any CPU
		{18B38EBC-E4EF-493D-9D90-32C155E9BA53}.Debug|iPhoneSimulator.Build.0 = Debug|Any CPU
		{18B38EBC-E4EF-493D-9D90-32C155E9BA53}.Debug|x64.ActiveCfg = Debug|Any CPU
		{18B38EBC-E4EF-493D-9D90-32C155E9BA53}.Debug|x64.Build.0 = Debug|Any CPU
		{18B38EBC-E4EF-493D-9D90-32C155E9BA53}.Debug|x86.ActiveCfg = Debug|Any CPU
		{18B38EBC-E4EF-493D-9D90-32C155E9BA53}.Debug|x86.Build.0 = Debug|Any CPU
		{18B38EBC-E4EF-493D-9D90-32C155E9BA53}.Release|Any CPU.ActiveCfg = Release|Any CPU
		{18B38EBC-E4EF-493D-9D90-32C155E9BA53}.Release|Any CPU.Build.0 = Release|Any CPU
		{18B38EBC-E4EF-493D-9D90-32C155E9BA53}.Release|ARM.ActiveCfg = Release|Any CPU
		{18B38EBC-E4EF-493D-9D90-32C155E9BA53}.Release|ARM.Build.0 = Release|Any CPU
		{18B38EBC-E4EF-493D-9D90-32C155E9BA53}.Release|iPhone.ActiveCfg = Release|Any CPU
		{18B38EBC-E4EF-493D-9D90-32C155E9BA53}.Release|iPhone.Build.0 = Release|Any CPU
		{18B38EBC-E4EF-493D-9D90-32C155E9BA53}.Release|iPhoneSimulator.ActiveCfg = Release|Any CPU
		{18B38EBC-E4EF-493D-9D90-32C155E9BA53}.Release|iPhoneSimulator.Build.0 = Release|Any CPU
		{18B38EBC-E4EF-493D-9D90-32C155E9BA53}.Release|x64.ActiveCfg = Release|Any CPU
		{18B38EBC-E4EF-493D-9D90-32C155E9BA53}.Release|x64.Build.0 = Release|Any CPU
		{18B38EBC-E4EF-493D-9D90-32C155E9BA53}.Release|x86.ActiveCfg = Release|Any CPU
		{18B38EBC-E4EF-493D-9D90-32C155E9BA53}.Release|x86.Build.0 = Release|Any CPU
	EndGlobalSection
	GlobalSection(SolutionProperties) = preSolution
		HideSolutionNode = FALSE
	EndGlobalSection
	GlobalSection(NestedProjects) = preSolution
		{2500B03A-D4E6-46FC-A8E9-7D790BA43C1A} = {0FC2753B-F18F-41A3-ADD8-B311960C8ED0}
		{0C866451-19D6-46BC-84E6-D3185DE9D673} = {741B7275-6DAE-4ECE-BDC5-148B36CCEFC5}
		{3015DB58-DF51-489E-A918-1000DB9E8F7B} = {741B7275-6DAE-4ECE-BDC5-148B36CCEFC5}
		{C90F0FF9-71BA-4C08-8FD5-1605159038CB} = {741B7275-6DAE-4ECE-BDC5-148B36CCEFC5}
		{C4C3CDD1-538D-418B-9C80-2377F0EA32BE} = {741B7275-6DAE-4ECE-BDC5-148B36CCEFC5}
		{74E8A430-9052-4C0B-A8E6-F57A34DEA442} = {741B7275-6DAE-4ECE-BDC5-148B36CCEFC5}
		{18B38EBC-E4EF-493D-9D90-32C155E9BA53} = {D27861C3-2600-4AC9-808A-E8AA33192C72}
	EndGlobalSection
EndGlobal
